github.com/CosmWasm/wasmd v0.45.0 h1:9zBqrturKJwC2kVsfHvbrA++EN0PS7UTXCffCGbg6JI=
github.com/CosmWasm/wasmd v0.45.0/go.mod h1:RnSAiqbNIZu4QhO+0pd7qGZgnYAMBPGmXpzTADag944=
github.com/cosmos/cosmos-sdk v0.50.0 h1:cEldkydTap7e4DoRJRKI0u74nXuPPhBDMQ89l+kybVg=
github.com/cosmos/cosmos-sdk v0.50.0/go.mod h1:ljZA59Lgz504Bo+kKQ8+q/LVXN3u6P99JZSlVRE7h7M=
